
Microsoft Visual Studio Solution File, Format Version 12.00
# Visual Studio Version 17
VisualStudioVersion = 17.13.35931.197 d17.13
MinimumVisualStudioVersion = 10.0.40219.1
Project("{FAE04EC0-301F-11D3-BF4B-00C04F79EFBC}") = "TextRPG practice", "TextRPG practice\TextRPG practice.csproj", "{400AEED9-920D-4F90-8C99-F2B1C126E11F}"
EndProject
Global
	GlobalSection(SolutionConfigurationPlatforms) = preSolution
		Debug|Any CPU = Debug|Any CPU
		Release|Any CPU = Release|Any CPU
	EndGlobalSection
	GlobalSection(ProjectConfigurationPlatforms) = postSolution
		{400AEED9-920D-4F90-8C99-F2B1C126E11F}.Debug|Any CPU.ActiveCfg = Debug|Any CPU
		{400AEED9-920D-4F90-8C99-F2B1C126E11F}.Debug|Any CPU.Build.0 = Debug|Any CPU
		{400AEED9-920D-4F90-8C99-F2B1C126E11F}.Release|Any CPU.ActiveCfg = Release|Any CPU
		{400AEED9-920D-4F90-8C99-F2B1C126E11F}.Release|Any CPU.Build.0 = Release|Any CPU
	EndGlobalSection
	GlobalSection(SolutionProperties) = preSolution
		HideSolutionNode = FALSE
	EndGlobalSection
	GlobalSection(ExtensibilityGlobals) = postSolution
		SolutionGuid = {D680B269-6952-419D-83A1-9385D597E455}
	EndGlobalSection
EndGlobal
